
Microsoft Visual Studio Solution File, Format Version 12.00
# Visual Studio Version 16
VisualStudioVersion = 16.0.31911.196
MinimumVisualStudioVersion = 10.0.40219.1
Project("{FAE04EC0-301F-11D3-BF4B-00C04F79EFBC}") = "Client", "Client\Client.csproj", "{1F72136F-264D-4E49-A4BB-5938381F89E0}"
EndProject
Project("{FAE04EC0-301F-11D3-BF4B-00C04F79EFBC}") = "Common", "Common\Common.csproj", "{F994B54E-AF84-4947-9BEC-B00A5916DD25}"
EndProject
Project("{FAE04EC0-301F-11D3-BF4B-00C04F79EFBC}") = "MAS", "MAS\MAS.csproj", "{E674D02B-6563-4839-8C20-984DF540171F}"
EndProject
Project("{FAE04EC0-301F-11D3-BF4B-00C04F79EFBC}") = "SecurityManager", "SecurityManager\SecurityManager.csproj", "{42C40732-7356-4E83-B2F3-FA0263836A3A}"
EndProject
Project("{FAE04EC0-301F-11D3-BF4B-00C04F79EFBC}") = "XMS", "XMS - 8888\XMS.csproj", "{370075F3-1AE6-4FFE-9279-7436AD1373DC}"
EndProject
Global
	GlobalSection(SolutionConfigurationPlatforms) = preSolution
		Debug|Any CPU = Debug|Any CPU
		Release|Any CPU = Release|Any CPU
	EndGlobalSection
	GlobalSection(ProjectConfigurationPlatforms) = postSolution
		{1F72136F-264D-4E49-A4BB-5938381F89E0}.Debug|Any CPU.ActiveCfg = Debug|Any CPU
		{1F72136F-264D-4E49-A4BB-5938381F89E0}.Debug|Any CPU.Build.0 = Debug|Any CPU
		{1F72136F-264D-4E49-A4BB-5938381F89E0}.Release|Any CPU.ActiveCfg = Release|Any CPU
		{1F72136F-264D-4E49-A4BB-5938381F89E0}.Release|Any CPU.Build.0 = Release|Any CPU
		{F994B54E-AF84-4947-9BEC-B00A5916DD25}.Debug|Any CPU.ActiveCfg = Debug|Any CPU
		{F994B54E-AF84-4947-9BEC-B00A5916DD25}.Debug|Any CPU.Build.0 = Debug|Any CPU
		{F994B54E-AF84-4947-9BEC-B00A5916DD25}.Release|Any CPU.ActiveCfg = Release|Any CPU
		{F994B54E-AF84-4947-9BEC-B00A5916DD25}.Release|Any CPU.Build.0 = Release|Any CPU
		{E674D02B-6563-4839-8C20-984DF540171F}.Debug|Any CPU.ActiveCfg = Debug|Any CPU
		{E674D02B-6563-4839-8C20-984DF540171F}.Debug|Any CPU.Build.0 = Debug|Any CPU
		{E674D02B-6563-4839-8C20-984DF540171F}.Release|Any CPU.ActiveCfg = Release|Any CPU
		{E674D02B-6563-4839-8C20-984DF540171F}.Release|Any CPU.Build.0 = Release|Any CPU
		{42C40732-7356-4E83-B2F3-FA0263836A3A}.Debug|Any CPU.ActiveCfg = Debug|Any CPU
		{42C40732-7356-4E83-B2F3-FA0263836A3A}.Debug|Any CPU.Build.0 = Debug|Any CPU
		{42C40732-7356-4E83-B2F3-FA0263836A3A}.Release|Any CPU.ActiveCfg = Release|Any CPU
		{42C40732-7356-4E83-B2F3-FA0263836A3A}.Release|Any CPU.Build.0 = Release|Any CPU
		{370075F3-1AE6-4FFE-9279-7436AD1373DC}.Debug|Any CPU.ActiveCfg = Debug|Any CPU
		{370075F3-1AE6-4FFE-9279-7436AD1373DC}.Debug|Any CPU.Build.0 = Debug|Any CPU
		{370075F3-1AE6-4FFE-9279-7436AD1373DC}.Release|Any CPU.ActiveCfg = Release|Any CPU
		{370075F3-1AE6-4FFE-9279-7436AD1373DC}.Release|Any CPU.Build.0 = Release|Any CPU
	EndGlobalSection
	GlobalSection(SolutionProperties) = preSolution
		HideSolutionNode = FALSE
	EndGlobalSection
	GlobalSection(ExtensibilityGlobals) = postSolution
		SolutionGuid = {FF5EAC6B-36D0-4EA3-8E0F-142860CA3039}
	EndGlobalSection
EndGlobal
